
Microsoft Visual Studio Solution File, Format Version 12.00
# Visual Studio Version 17
VisualStudioVersion = 17.4.33403.182
MinimumVisualStudioVersion = 10.0.40219.1
Project("{9A19103F-16F7-4668-BE54-9A1E7A4F7556}") = "WebAPIservice", "WebAPIservice\WebAPIservice.csproj", "{4CDB51B9-717D-4410-8316-C89B5D7F5006}"
EndProject
Project("{FAE04EC0-301F-11D3-BF4B-00C04F79EFBC}") = "APIServiceClinet", "APIService\APIServiceClinet.csproj", "{D76679BD-2CFE-4712-8922-D14A96DFCF6C}"
EndProject
Global
	GlobalSection(SolutionConfigurationPlatforms) = preSolution
		Debug|Any CPU = Debug|Any CPU
		Release|Any CPU = Release|Any CPU
	EndGlobalSection
	GlobalSection(ProjectConfigurationPlatforms) = postSolution
		{4CDB51B9-717D-4410-8316-C89B5D7F5006}.Debug|Any CPU.ActiveCfg = Debug|Any CPU
		{4CDB51B9-717D-4410-8316-C89B5D7F5006}.Debug|Any CPU.Build.0 = Debug|Any CPU
		{4CDB51B9-717D-4410-8316-C89B5D7F5006}.Release|Any CPU.ActiveCfg = Release|Any CPU
		{4CDB51B9-717D-4410-8316-C89B5D7F5006}.Release|Any CPU.Build.0 = Release|Any CPU
		{D76679BD-2CFE-4712-8922-D14A96DFCF6C}.Debug|Any CPU.ActiveCfg = Debug|Any CPU
		{D76679BD-2CFE-4712-8922-D14A96DFCF6C}.Debug|Any CPU.Build.0 = Debug|Any CPU
		{D76679BD-2CFE-4712-8922-D14A96DFCF6C}.Release|Any CPU.ActiveCfg = Release|Any CPU
		{D76679BD-2CFE-4712-8922-D14A96DFCF6C}.Release|Any CPU.Build.0 = Release|Any CPU
	EndGlobalSection
	GlobalSection(SolutionProperties) = preSolution
		HideSolutionNode = FALSE
	EndGlobalSection
	GlobalSection(ExtensibilityGlobals) = postSolution
		SolutionGuid = {B7F0362E-121D-4E84-8563-5362BFAE1397}
	EndGlobalSection
EndGlobal
